
Microsoft Visual Studio Solution File, Format Version 12.00
# Visual Studio 15
VisualStudioVersion = 15.0.27004.2010
MinimumVisualStudioVersion = 10.0.40219.1
Project("{FAE04EC0-301F-11D3-BF4B-00C04F79EFBC}") = "BuildSpecTool", "BuildSpecTool\BuildSpecTool.csproj", "{4370D8AA-1AEC-4739-AF12-B9E381028FC4}"
EndProject
Project("{FAE04EC0-301F-11D3-BF4B-00C04F79EFBC}") = "BuildSpecTool.Tests", "BuildSpecTool.Tests\BuildSpecTool.Tests.csproj", "{96D4D169-53C9-4C48-8A48-022F02F2806C}"
EndProject
Global
	GlobalSection(SolutionConfigurationPlatforms) = preSolution
		Debug|Any CPU = Debug|Any CPU
		Release|Any CPU = Release|Any CPU
	EndGlobalSection
	GlobalSection(ProjectConfigurationPlatforms) = postSolution
		{4370D8AA-1AEC-4739-AF12-B9E381028FC4}.Debug|Any CPU.ActiveCfg = Debug|Any CPU
		{4370D8AA-1AEC-4739-AF12-B9E381028FC4}.Debug|Any CPU.Build.0 = Debug|Any CPU
		{4370D8AA-1AEC-4739-AF12-B9E381028FC4}.Release|Any CPU.ActiveCfg = Release|Any CPU
		{4370D8AA-1AEC-4739-AF12-B9E381028FC4}.Release|Any CPU.Build.0 = Release|Any CPU
		{96D4D169-53C9-4C48-8A48-022F02F2806C}.Debug|Any CPU.ActiveCfg = Debug|Any CPU
		{96D4D169-53C9-4C48-8A48-022F02F2806C}.Debug|Any CPU.Build.0 = Debug|Any CPU
		{96D4D169-53C9-4C48-8A48-022F02F2806C}.Release|Any CPU.ActiveCfg = Release|Any CPU
		{96D4D169-53C9-4C48-8A48-022F02F2806C}.Release|Any CPU.Build.0 = Release|Any CPU
	EndGlobalSection
	GlobalSection(SolutionProperties) = preSolution
		HideSolutionNode = FALSE
	EndGlobalSection
	GlobalSection(ExtensibilityGlobals) = postSolution
		SolutionGuid = {B4F0220F-6257-44FE-AB20-6F81BFC0605B}
	EndGlobalSection
EndGlobal
